<?xml version="1.0" encoding="UTF-8" standalone="yes" ?>
<CodeBlocks_project_file>
   <FileVersion major="1" minor="6" />
   <Project>
      <Option title="secret-spice-flat" />
      <Option makefile_is_custom="1" />
      <Option compiler="gcc" />
      <Option virtualFolders="CMake Files\;" />
      <Build>
      <Target title="all">
         <Option working_dir="/home/nicolas/dev/secret-spice-flat" />
         <Option type="4" />
         <MakeCommands>
            <Build command="/usr/bin/make -f &quot;/home/nicolas/dev/secret-spice-flat/Makefile&quot;  VERBOSE=1 all" />
            <CompileFile command="/usr/bin/make -f &quot;/home/nicolas/dev/secret-spice-flat/Makefile&quot;  VERBOSE=1 &quot;$file&quot;" />
            <Clean command="/usr/bin/make -f &quot;/home/nicolas/dev/secret-spice-flat/Makefile&quot;  VERBOSE=1 clean" />
            <DistClean command="/usr/bin/make -f &quot;/home/nicolas/dev/secret-spice-flat/Makefile&quot;  VERBOSE=1 clean" />
         </MakeCommands>
      </Target>
      <Target title="rebuild_cache">
         <Option working_dir="/home/nicolas/dev/secret-spice-flat" />
         <Option type="4" />
         <MakeCommands>
            <Build command="/usr/bin/make -f &quot;/home/nicolas/dev/secret-spice-flat/Makefile&quot;  VERBOSE=1 rebuild_cache" />
            <CompileFile command="/usr/bin/make -f &quot;/home/nicolas/dev/secret-spice-flat/Makefile&quot;  VERBOSE=1 &quot;$file&quot;" />
            <Clean command="/usr/bin/make -f &quot;/home/nicolas/dev/secret-spice-flat/Makefile&quot;  VERBOSE=1 clean" />
            <DistClean command="/usr/bin/make -f &quot;/home/nicolas/dev/secret-spice-flat/Makefile&quot;  VERBOSE=1 clean" />
         </MakeCommands>
      </Target>
      <Target title="secret-spice-flat">
         <Option output="/home/nicolas/dev/secret-spice-flat/secret-spice-flat" prefix_auto="0" extension_auto="0" />
         <Option working_dir="/home/nicolas/dev/secret-spice-flat" />
         <Option object_output="./" />
         <Option type="1" />
         <Option compiler="gcc" />
         <Compiler>
            <Add directory="/home/nicolas/dev/secret-spice-flat/flat/src" />
         </Compiler>
         <MakeCommands>
            <Build command="/usr/bin/make -f &quot;/home/nicolas/dev/secret-spice-flat/Makefile&quot;  VERBOSE=1 secret-spice-flat" />
            <CompileFile command="/usr/bin/make -f &quot;/home/nicolas/dev/secret-spice-flat/Makefile&quot;  VERBOSE=1 &quot;$file&quot;" />
            <Clean command="/usr/bin/make -f &quot;/home/nicolas/dev/secret-spice-flat/Makefile&quot;  VERBOSE=1 clean" />
            <DistClean command="/usr/bin/make -f &quot;/home/nicolas/dev/secret-spice-flat/Makefile&quot;  VERBOSE=1 clean" />
         </MakeCommands>
      </Target>
      <Target title="secret-spice-flat/fast">
         <Option output="/home/nicolas/dev/secret-spice-flat/secret-spice-flat" prefix_auto="0" extension_auto="0" />
         <Option working_dir="/home/nicolas/dev/secret-spice-flat" />
         <Option object_output="./" />
         <Option type="1" />
         <Option compiler="gcc" />
         <Compiler>
            <Add directory="/home/nicolas/dev/secret-spice-flat/flat/src" />
         </Compiler>
         <MakeCommands>
            <Build command="/usr/bin/make -f &quot;/home/nicolas/dev/secret-spice-flat/Makefile&quot;  VERBOSE=1 secret-spice-flat/fast" />
            <CompileFile command="/usr/bin/make -f &quot;/home/nicolas/dev/secret-spice-flat/Makefile&quot;  VERBOSE=1 &quot;$file&quot;" />
            <Clean command="/usr/bin/make -f &quot;/home/nicolas/dev/secret-spice-flat/Makefile&quot;  VERBOSE=1 clean" />
            <DistClean command="/usr/bin/make -f &quot;/home/nicolas/dev/secret-spice-flat/Makefile&quot;  VERBOSE=1 clean" />
         </MakeCommands>
      </Target>
      </Build>
      <Unit filename="/home/nicolas/dev/secret-spice-flat/flat/src/audio/audio.cpp">
      </Unit>
      <Unit filename="/home/nicolas/dev/secret-spice-flat/flat/src/audio/music.cpp">
      </Unit>
      <Unit filename="/home/nicolas/dev/secret-spice-flat/flat/src/file/directory.cpp">
      </Unit>
      <Unit filename="/home/nicolas/dev/secret-spice-flat/flat/src/file/file.cpp">
      </Unit>
      <Unit filename="/home/nicolas/dev/secret-spice-flat/flat/src/flat.cpp">
      </Unit>
      <Unit filename="/home/nicolas/dev/secret-spice-flat/flat/src/flat/game.cpp">
      </Unit>
      <Unit filename="/home/nicolas/dev/secret-spice-flat/flat/src/geometry/circle.cpp">
      </Unit>
      <Unit filename="/home/nicolas/dev/secret-spice-flat/flat/src/geometry/linesegment.cpp">
      </Unit>
      <Unit filename="/home/nicolas/dev/secret-spice-flat/flat/src/geometry/matrix4.cpp">
      </Unit>
      <Unit filename="/home/nicolas/dev/secret-spice-flat/flat/src/geometry/polygon.cpp">
      </Unit>
      <Unit filename="/home/nicolas/dev/secret-spice-flat/flat/src/geometry/rectangle.cpp">
      </Unit>
      <Unit filename="/home/nicolas/dev/secret-spice-flat/flat/src/geometry/vector2.cpp">
      </Unit>
      <Unit filename="/home/nicolas/dev/secret-spice-flat/flat/src/geometry/vector3.cpp">
      </Unit>
      <Unit filename="/home/nicolas/dev/secret-spice-flat/flat/src/input/input.cpp">
      </Unit>
      <Unit filename="/home/nicolas/dev/secret-spice-flat/flat/src/input/keyboard.cpp">
      </Unit>
      <Unit filename="/home/nicolas/dev/secret-spice-flat/flat/src/input/mouse.cpp">
      </Unit>
      <Unit filename="/home/nicolas/dev/secret-spice-flat/flat/src/input/window.cpp">
      </Unit>
      <Unit filename="/home/nicolas/dev/secret-spice-flat/flat/src/lua/lua.cpp">
      </Unit>
      <Unit filename="/home/nicolas/dev/secret-spice-flat/flat/src/random/random.cpp">
      </Unit>
      <Unit filename="/home/nicolas/dev/secret-spice-flat/flat/src/state/agent.cpp">
      </Unit>
      <Unit filename="/home/nicolas/dev/secret-spice-flat/flat/src/state/machine.cpp">
      </Unit>
      <Unit filename="/home/nicolas/dev/secret-spice-flat/flat/src/state/state.cpp">
      </Unit>
      <Unit filename="/home/nicolas/dev/secret-spice-flat/flat/src/thread/thread.cpp">
      </Unit>
      <Unit filename="/home/nicolas/dev/secret-spice-flat/flat/src/time/time.cpp">
      </Unit>
      <Unit filename="/home/nicolas/dev/secret-spice-flat/flat/src/util/heightmap.cpp">
      </Unit>
      <Unit filename="/home/nicolas/dev/secret-spice-flat/flat/src/util/sprite.cpp">
      </Unit>
      <Unit filename="/home/nicolas/dev/secret-spice-flat/flat/src/video/color.cpp">
      </Unit>
      <Unit filename="/home/nicolas/dev/secret-spice-flat/flat/src/video/filetexture.cpp">
      </Unit>
      <Unit filename="/home/nicolas/dev/secret-spice-flat/flat/src/video/font.cpp">
      </Unit>
      <Unit filename="/home/nicolas/dev/secret-spice-flat/flat/src/video/framebuffer.cpp">
      </Unit>
      <Unit filename="/home/nicolas/dev/secret-spice-flat/flat/src/video/pass.cpp">
      </Unit>
      <Unit filename="/home/nicolas/dev/secret-spice-flat/flat/src/video/program.cpp">
      </Unit>
      <Unit filename="/home/nicolas/dev/secret-spice-flat/flat/src/video/render.cpp">
      </Unit>
      <Unit filename="/home/nicolas/dev/secret-spice-flat/flat/src/video/text.cpp">
      </Unit>
      <Unit filename="/home/nicolas/dev/secret-spice-flat/flat/src/video/texture.cpp">
      </Unit>
      <Unit filename="/home/nicolas/dev/secret-spice-flat/flat/src/video/uniform.cpp">
      </Unit>
      <Unit filename="/home/nicolas/dev/secret-spice-flat/flat/src/video/video.cpp">
      </Unit>
      <Unit filename="/home/nicolas/dev/secret-spice-flat/flat/src/video/view.cpp">
      </Unit>
      <Unit filename="/home/nicolas/dev/secret-spice-flat/flat/src/video/window.cpp">
      </Unit>
      <Unit filename="/home/nicolas/dev/secret-spice-flat/src/audioanalyzer.cpp">
      </Unit>
      <Unit filename="/home/nicolas/dev/secret-spice-flat/src/character.cpp">
      </Unit>
      <Unit filename="/home/nicolas/dev/secret-spice-flat/src/game.cpp">
      </Unit>
      <Unit filename="/home/nicolas/dev/secret-spice-flat/src/gamestate.cpp">
      </Unit>
      <Unit filename="/home/nicolas/dev/secret-spice-flat/src/globalstate.cpp">
      </Unit>
      <Unit filename="/home/nicolas/dev/secret-spice-flat/src/level.cpp">
      </Unit>
      <Unit filename="/home/nicolas/dev/secret-spice-flat/src/loadingstate.cpp">
      </Unit>
      <Unit filename="/home/nicolas/dev/secret-spice-flat/src/main.cpp">
      </Unit>
      <Unit filename="/home/nicolas/dev/secret-spice-flat/src/platform.cpp">
      </Unit>
      <Unit filename="/home/nicolas/dev/secret-spice-flat/src/spectrum.cpp">
      </Unit>
      <Unit filename="/home/nicolas/dev/secret-spice-flat/flat/src/audio/audio.h">
      </Unit>
      <Unit filename="/home/nicolas/dev/secret-spice-flat/flat/src/audio/music.h">
      </Unit>
      <Unit filename="/home/nicolas/dev/secret-spice-flat/flat/src/containers/array.h">
      </Unit>
      <Unit filename="/home/nicolas/dev/secret-spice-flat/flat/src/containers/bitaccessor.h">
      </Unit>
      <Unit filename="/home/nicolas/dev/secret-spice-flat/flat/src/containers/fixedsizearray.h">
      </Unit>
      <Unit filename="/home/nicolas/dev/secret-spice-flat/flat/src/debug/assert.h">
      </Unit>
      <Unit filename="/home/nicolas/dev/secret-spice-flat/flat/src/file/directory.h">
      </Unit>
      <Unit filename="/home/nicolas/dev/secret-spice-flat/flat/src/file/file.h">
      </Unit>
      <Unit filename="/home/nicolas/dev/secret-spice-flat/flat/src/flat.h">
      </Unit>
      <Unit filename="/home/nicolas/dev/secret-spice-flat/flat/src/flat/game.h">
      </Unit>
      <Unit filename="/home/nicolas/dev/secret-spice-flat/flat/src/geometry/circle.h">
      </Unit>
      <Unit filename="/home/nicolas/dev/secret-spice-flat/flat/src/geometry/linesegment.h">
      </Unit>
      <Unit filename="/home/nicolas/dev/secret-spice-flat/flat/src/geometry/matrix4.h">
      </Unit>
      <Unit filename="/home/nicolas/dev/secret-spice-flat/flat/src/geometry/polygon.h">
      </Unit>
      <Unit filename="/home/nicolas/dev/secret-spice-flat/flat/src/geometry/rectangle.h">
      </Unit>
      <Unit filename="/home/nicolas/dev/secret-spice-flat/flat/src/geometry/vector2.h">
      </Unit>
      <Unit filename="/home/nicolas/dev/secret-spice-flat/flat/src/geometry/vector3.h">
      </Unit>
      <Unit filename="/home/nicolas/dev/secret-spice-flat/flat/src/input/input.h">
      </Unit>
      <Unit filename="/home/nicolas/dev/secret-spice-flat/flat/src/input/keyboard.h">
      </Unit>
      <Unit filename="/home/nicolas/dev/secret-spice-flat/flat/src/input/mouse.h">
      </Unit>
      <Unit filename="/home/nicolas/dev/secret-spice-flat/flat/src/input/window.h">
      </Unit>
      <Unit filename="/home/nicolas/dev/secret-spice-flat/flat/src/lua/lua.h">
      </Unit>
      <Unit filename="/home/nicolas/dev/secret-spice-flat/flat/src/memory/memory.h">
      </Unit>
      <Unit filename="/home/nicolas/dev/secret-spice-flat/flat/src/random/random.h">
      </Unit>
      <Unit filename="/home/nicolas/dev/secret-spice-flat/flat/src/resource/resourcemanager.h">
      </Unit>
      <Unit filename="/home/nicolas/dev/secret-spice-flat/flat/src/state/agent.h">
      </Unit>
      <Unit filename="/home/nicolas/dev/secret-spice-flat/flat/src/state/machine.h">
      </Unit>
      <Unit filename="/home/nicolas/dev/secret-spice-flat/flat/src/state/state.h">
      </Unit>
      <Unit filename="/home/nicolas/dev/secret-spice-flat/flat/src/thread/thread.h">
      </Unit>
      <Unit filename="/home/nicolas/dev/secret-spice-flat/flat/src/time/time.h">
      </Unit>
      <Unit filename="/home/nicolas/dev/secret-spice-flat/flat/src/types.h">
      </Unit>
      <Unit filename="/home/nicolas/dev/secret-spice-flat/flat/src/util/heightmap.h">
      </Unit>
      <Unit filename="/home/nicolas/dev/secret-spice-flat/flat/src/util/rendersettings.h">
      </Unit>
      <Unit filename="/home/nicolas/dev/secret-spice-flat/flat/src/util/sprite.h">
      </Unit>
      <Unit filename="/home/nicolas/dev/secret-spice-flat/flat/src/video/attribute.h">
      </Unit>
      <Unit filename="/home/nicolas/dev/secret-spice-flat/flat/src/video/color.h">
      </Unit>
      <Unit filename="/home/nicolas/dev/secret-spice-flat/flat/src/video/filetexture.h">
      </Unit>
      <Unit filename="/home/nicolas/dev/secret-spice-flat/flat/src/video/font.h">
      </Unit>
      <Unit filename="/home/nicolas/dev/secret-spice-flat/flat/src/video/framebuffer.h">
      </Unit>
      <Unit filename="/home/nicolas/dev/secret-spice-flat/flat/src/video/pass.h">
      </Unit>
      <Unit filename="/home/nicolas/dev/secret-spice-flat/flat/src/video/program.h">
      </Unit>
      <Unit filename="/home/nicolas/dev/secret-spice-flat/flat/src/video/render.h">
      </Unit>
      <Unit filename="/home/nicolas/dev/secret-spice-flat/flat/src/video/text.h">
      </Unit>
      <Unit filename="/home/nicolas/dev/secret-spice-flat/flat/src/video/texture.h">
      </Unit>
      <Unit filename="/home/nicolas/dev/secret-spice-flat/flat/src/video/uniform.h">
      </Unit>
      <Unit filename="/home/nicolas/dev/secret-spice-flat/flat/src/video/video.h">
      </Unit>
      <Unit filename="/home/nicolas/dev/secret-spice-flat/flat/src/video/view.h">
      </Unit>
      <Unit filename="/home/nicolas/dev/secret-spice-flat/flat/src/video/window.h">
      </Unit>
      <Unit filename="/home/nicolas/dev/secret-spice-flat/src/audioanalyzer.h">
      </Unit>
      <Unit filename="/home/nicolas/dev/secret-spice-flat/src/character.h">
      </Unit>
      <Unit filename="/home/nicolas/dev/secret-spice-flat/src/game.h">
      </Unit>
      <Unit filename="/home/nicolas/dev/secret-spice-flat/src/gamestate.h">
      </Unit>
      <Unit filename="/home/nicolas/dev/secret-spice-flat/src/globalstate.h">
      </Unit>
      <Unit filename="/home/nicolas/dev/secret-spice-flat/src/level.h">
      </Unit>
      <Unit filename="/home/nicolas/dev/secret-spice-flat/src/loadingstate.h">
      </Unit>
      <Unit filename="/home/nicolas/dev/secret-spice-flat/src/platform.h">
      </Unit>
      <Unit filename="/home/nicolas/dev/secret-spice-flat/src/spectrum.h">
      </Unit>
      <Unit filename="/home/nicolas/dev/secret-spice-flat/CMakeLists.txt">
          <Option virtualFolder="CMake Files\" />
      </Unit>
   </Project>
</CodeBlocks_project_file>
